
Microsoft Visual Studio Solution File, Format Version 12.00
# Visual Studio Version 17
VisualStudioVersion = 17.6.33815.320
MinimumVisualStudioVersion = 10.0.40219.1
Project("{FAE04EC0-301F-11D3-BF4B-00C04F79EFBC}") = "kikelet_panzio_ludvig", "kikelet_panzio_ludvig\kikelet_panzio_ludvig.csproj", "{ACB0280F-D6E6-468F-819F-41A555BDE47B}"
EndProject
Global
	GlobalSection(SolutionConfigurationPlatforms) = preSolution
		Debug|Any CPU = Debug|Any CPU
		Release|Any CPU = Release|Any CPU
	EndGlobalSection
	GlobalSection(ProjectConfigurationPlatforms) = postSolution
		{ACB0280F-D6E6-468F-819F-41A555BDE47B}.Debug|Any CPU.ActiveCfg = Debug|Any CPU
		{ACB0280F-D6E6-468F-819F-41A555BDE47B}.Debug|Any CPU.Build.0 = Debug|Any CPU
		{ACB0280F-D6E6-468F-819F-41A555BDE47B}.Release|Any CPU.ActiveCfg = Release|Any CPU
		{ACB0280F-D6E6-468F-819F-41A555BDE47B}.Release|Any CPU.Build.0 = Release|Any CPU
	EndGlobalSection
	GlobalSection(SolutionProperties) = preSolution
		HideSolutionNode = FALSE
	EndGlobalSection
	GlobalSection(ExtensibilityGlobals) = postSolution
		SolutionGuid = {EB39E521-4518-459D-9CF1-23CB43334367}
	EndGlobalSection
EndGlobal
